
Microsoft Visual Studio Solution File, Format Version 12.00
# Visual Studio 15
VisualStudioVersion = 15.0.28307.1022
MinimumVisualStudioVersion = 10.0.40219.1
Project("{FAE04EC0-301F-11D3-BF4B-00C04F79EFBC}") = "SrvA", "SrvA\SrvA.csproj", "{0799A4D1-55C6-46A0-8F52-383F53F22111}"
EndProject
Global
	GlobalSection(SolutionConfigurationPlatforms) = preSolution
		Debug|Any CPU = Debug|Any CPU
		Release|Any CPU = Release|Any CPU
	EndGlobalSection
	GlobalSection(ProjectConfigurationPlatforms) = postSolution
		{0799A4D1-55C6-46A0-8F52-383F53F22111}.Debug|Any CPU.ActiveCfg = Debug|Any CPU
		{0799A4D1-55C6-46A0-8F52-383F53F22111}.Debug|Any CPU.Build.0 = Debug|Any CPU
		{0799A4D1-55C6-46A0-8F52-383F53F22111}.Release|Any CPU.ActiveCfg = Release|Any CPU
		{0799A4D1-55C6-46A0-8F52-383F53F22111}.Release|Any CPU.Build.0 = Release|Any CPU
	EndGlobalSection
	GlobalSection(SolutionProperties) = preSolution
		HideSolutionNode = FALSE
	EndGlobalSection
	GlobalSection(ExtensibilityGlobals) = postSolution
		SolutionGuid = {DB38676A-A7E4-412D-BF32-B4B20578D8BA}
	EndGlobalSection
EndGlobal
